// !$*UTF8*$!
{
	archiveVersion = 1;
	classes = {
	};
	objectVersion = 50;
	objects = {

/* Begin PBXBuildFile section */
		A504FF9C25C580C80080F073 /* Extension + View.swift in Sources */ = {isa = PBXBuildFile; fileRef = A504FF9B25C580C80080F073 /* Extension + View.swift */; };
		A51AAF5C25AF93C100452EF5 /* CustomBackgroung.swift in Sources */ = {isa = PBXBuildFile; fileRef = A51AAF5B25AF93C100452EF5 /* CustomBackgroung.swift */; };
		A51C94F025BC7BA3009D7DB4 /* Сondition.swift in Sources */ = {isa = PBXBuildFile; fileRef = A51C94EF25BC7BA3009D7DB4 /* Сondition.swift */; };
		A51C94F325BC7E74009D7DB4 /* СonditionManager.swift in Sources */ = {isa = PBXBuildFile; fileRef = A51C94F225BC7E74009D7DB4 /* СonditionManager.swift */; };
		A522021E25A8EA8B00EC0582 /* ScreenManager.swift in Sources */ = {isa = PBXBuildFile; fileRef = A522021D25A8EA8B00EC0582 /* ScreenManager.swift */; };
		A52AF72D25A4E2A900D46757 /* PassingTest.swift in Sources */ = {isa = PBXBuildFile; fileRef = A52AF72C25A4E2A900D46757 /* PassingTest.swift */; };
		A530E15125BAF0980008F91C /* WelcomePageView.swift in Sources */ = {isa = PBXBuildFile; fileRef = A530E15025BAF0980008F91C /* WelcomePageView.swift */; };
		A530E15625BAF5CE0008F91C /* InstructionsView.swift in Sources */ = {isa = PBXBuildFile; fileRef = A530E15525BAF5CE0008F91C /* InstructionsView.swift */; };
		A540DE1525B36DE900BBBE50 /* DetailedResult + Extension.swift in Sources */ = {isa = PBXBuildFile; fileRef = A540DE1425B36DE900BBBE50 /* DetailedResult + Extension.swift */; };
		A540DE1825B36E1800BBBE50 /* DetailedResult.swift in Sources */ = {isa = PBXBuildFile; fileRef = A540DE1725B36E1800BBBE50 /* DetailedResult.swift */; };
		A540DE1E25B38A8C00BBBE50 /* CircleGraphView.swift in Sources */ = {isa = PBXBuildFile; fileRef = A540DE1D25B38A8C00BBBE50 /* CircleGraphView.swift */; };
		A54F3D0925CA5BED0022E603 /* Launch Screen.storyboard in Resources */ = {isa = PBXBuildFile; fileRef = A54F3D0825CA5BED0022E603 /* Launch Screen.storyboard */; };
		A5552F1825E2FF590014826F /* UIImage + Extension.swift in Sources */ = {isa = PBXBuildFile; fileRef = A5552F1725E2FF590014826F /* UIImage + Extension.swift */; };
		A55F62F025BF562800E12A2C /* Blur.swift in Sources */ = {isa = PBXBuildFile; fileRef = A55F62EF25BF562800E12A2C /* Blur.swift */; };
		A56DB5FD259FB4780098CAAB /* PAEIApp.swift in Sources */ = {isa = PBXBuildFile; fileRef = A56DB5FC259FB4780098CAAB /* PAEIApp.swift */; };
		A56DB5FF259FB4780098CAAB /* ContentView.swift in Sources */ = {isa = PBXBuildFile; fileRef = A56DB5FE259FB4780098CAAB /* ContentView.swift */; };
		A56DB601259FB47B0098CAAB /* Assets.xcassets in Resources */ = {isa = PBXBuildFile; fileRef = A56DB600259FB47B0098CAAB /* Assets.xcassets */; };
		A56DB604259FB47B0098CAAB /* Preview Assets.xcassets in Resources */ = {isa = PBXBuildFile; fileRef = A56DB603259FB47B0098CAAB /* Preview Assets.xcassets */; };
		A56DB61425A071460098CAAB /* SimpleCircleButton.swift in Sources */ = {isa = PBXBuildFile; fileRef = A56DB61325A071460098CAAB /* SimpleCircleButton.swift */; };
		A56DB62225A113900098CAAB /* CircleButton.swift in Sources */ = {isa = PBXBuildFile; fileRef = A56DB62125A113900098CAAB /* CircleButton.swift */; };
		A56DB62625A115280098CAAB /* RadioButtons.swift in Sources */ = {isa = PBXBuildFile; fileRef = A56DB62525A115280098CAAB /* RadioButtons.swift */; };
		A58843C125A51254002DE43A /* ResultView.swift in Sources */ = {isa = PBXBuildFile; fileRef = A58843C025A51254002DE43A /* ResultView.swift */; };
		A58843C825A717B3002DE43A /* CircleProgressBar.swift in Sources */ = {isa = PBXBuildFile; fileRef = A58843C725A717B3002DE43A /* CircleProgressBar.swift */; };
		A58843CD25A7C0AB002DE43A /* ButtonStyle.swift in Sources */ = {isa = PBXBuildFile; fileRef = A58843CC25A7C0AB002DE43A /* ButtonStyle.swift */; };
		A58843D025A89409002DE43A /* Color + Extension.swift in Sources */ = {isa = PBXBuildFile; fileRef = A58843CF25A89408002DE43A /* Color + Extension.swift */; };
		A58843D325A8E253002DE43A /* WelcomeView.swift in Sources */ = {isa = PBXBuildFile; fileRef = A58843D225A8E253002DE43A /* WelcomeView.swift */; };
		A5899DF125DF76EE000A3FC8 /* PDFCreator.swift in Sources */ = {isa = PBXBuildFile; fileRef = A5899DF025DF76EE000A3FC8 /* PDFCreator.swift */; };
		A5899DF425DFD397000A3FC8 /* PDFViewUI.swift in Sources */ = {isa = PBXBuildFile; fileRef = A5899DF325DFD397000A3FC8 /* PDFViewUI.swift */; };
		A5918F5C25C0857B00A8C608 /* ActivityViewController.swift in Sources */ = {isa = PBXBuildFile; fileRef = A5918F5B25C0857B00A8C608 /* ActivityViewController.swift */; };
		A59985F725C33232006323EA /* SplashScreen.swift in Sources */ = {isa = PBXBuildFile; fileRef = A59985F625C33232006323EA /* SplashScreen.swift */; };
		A59A2F3C25E6337200E0C220 /* ValuesPassingTest.swift in Sources */ = {isa = PBXBuildFile; fileRef = A59A2F3B25E6337200E0C220 /* ValuesPassingTest.swift */; };
		A5A9EE5025A24DAB00816A4A /* DataManager.swift in Sources */ = {isa = PBXBuildFile; fileRef = A5A9EE4F25A24DAB00816A4A /* DataManager.swift */; };
		A5A9EE5725A24E5E00816A4A /* CharacteristicBlock.swift in Sources */ = {isa = PBXBuildFile; fileRef = A5A9EE5225A24E5D00816A4A /* CharacteristicBlock.swift */; };
		A5A9EE5825A24E5E00816A4A /* Answer.swift in Sources */ = {isa = PBXBuildFile; fileRef = A5A9EE5325A24E5D00816A4A /* Answer.swift */; };
		A5A9EE5925A24E5E00816A4A /* Question.swift in Sources */ = {isa = PBXBuildFile; fileRef = A5A9EE5425A24E5E00816A4A /* Question.swift */; };
		A5A9EE5A25A24E5E00816A4A /* Result.swift in Sources */ = {isa = PBXBuildFile; fileRef = A5A9EE5525A24E5E00816A4A /* Result.swift */; };
		A5A9EE5B25A24E5E00816A4A /* Result + Extension.swift in Sources */ = {isa = PBXBuildFile; fileRef = A5A9EE5625A24E5E00816A4A /* Result + Extension.swift */; };
		A5A9EE5E25A257FF00816A4A /* CharacteristicsRadioButtonGroup.swift in Sources */ = {isa = PBXBuildFile; fileRef = A5A9EE5D25A257FF00816A4A /* CharacteristicsRadioButtonGroup.swift */; };
/* End PBXBuildFile section */

/* Begin PBXFileReference section */
		A504FF9B25C580C80080F073 /* Extension + View.swift */ = {isa = PBXFileReference; lastKnownFileType = sourcecode.swift; path = "Extension + View.swift"; sourceTree = "<group>"; };
		A51AAF5B25AF93C100452EF5 /* CustomBackgroung.swift */ = {isa = PBXFileReference; lastKnownFileType = sourcecode.swift; path = CustomBackgroung.swift; sourceTree = "<group>"; };
		A51C94EF25BC7BA3009D7DB4 /* Сondition.swift */ = {isa = PBXFileReference; lastKnownFileType = sourcecode.swift; path = "Сondition.swift"; sourceTree = "<group>"; };
		A51C94F225BC7E74009D7DB4 /* СonditionManager.swift */ = {isa = PBXFileReference; lastKnownFileType = sourcecode.swift; path = "СonditionManager.swift"; sourceTree = "<group>"; };
		A522021D25A8EA8B00EC0582 /* ScreenManager.swift */ = {isa = PBXFileReference; lastKnownFileType = sourcecode.swift; path = ScreenManager.swift; sourceTree = "<group>"; };
		A52AF72C25A4E2A900D46757 /* PassingTest.swift */ = {isa = PBXFileReference; lastKnownFileType = sourcecode.swift; path = PassingTest.swift; sourceTree = "<group>"; };
		A530E15025BAF0980008F91C /* WelcomePageView.swift */ = {isa = PBXFileReference; lastKnownFileType = sourcecode.swift; path = WelcomePageView.swift; sourceTree = "<group>"; };
		A530E15525BAF5CE0008F91C /* InstructionsView.swift */ = {isa = PBXFileReference; lastKnownFileType = sourcecode.swift; path = InstructionsView.swift; sourceTree = "<group>"; };
		A540DE1425B36DE900BBBE50 /* DetailedResult + Extension.swift */ = {isa = PBXFileReference; lastKnownFileType = sourcecode.swift; path = "DetailedResult + Extension.swift"; sourceTree = "<group>"; };
		A540DE1725B36E1800BBBE50 /* DetailedResult.swift */ = {isa = PBXFileReference; lastKnownFileType = sourcecode.swift; path = DetailedResult.swift; sourceTree = "<group>"; };
		A540DE1D25B38A8C00BBBE50 /* CircleGraphView.swift */ = {isa = PBXFileReference; lastKnownFileType = sourcecode.swift; path = CircleGraphView.swift; sourceTree = "<group>"; };
		A54F3D0825CA5BED0022E603 /* Launch Screen.storyboard */ = {isa = PBXFileReference; fileEncoding = 4; lastKnownFileType = file.storyboard; path = "Launch Screen.storyboard"; sourceTree = "<group>"; };
		A5552F1725E2FF590014826F /* UIImage + Extension.swift */ = {isa = PBXFileReference; lastKnownFileType = sourcecode.swift; path = "UIImage + Extension.swift"; sourceTree = "<group>"; };
		A55F62EF25BF562800E12A2C /* Blur.swift */ = {isa = PBXFileReference; lastKnownFileType = sourcecode.swift; path = Blur.swift; sourceTree = "<group>"; };
		A56DB5F9259FB4780098CAAB /* PAEI.app */ = {isa = PBXFileReference; explicitFileType = wrapper.application; includeInIndex = 0; path = PAEI.app; sourceTree = BUILT_PRODUCTS_DIR; };
		A56DB5FC259FB4780098CAAB /* PAEIApp.swift */ = {isa = PBXFileReference; lastKnownFileType = sourcecode.swift; path = PAEIApp.swift; sourceTree = "<group>"; };
		A56DB5FE259FB4780098CAAB /* ContentView.swift */ = {isa = PBXFileReference; lastKnownFileType = sourcecode.swift; path = ContentView.swift; sourceTree = "<group>"; };
		A56DB600259FB47B0098CAAB /* Assets.xcassets */ = {isa = PBXFileReference; lastKnownFileType = folder.assetcatalog; path = Assets.xcassets; sourceTree = "<group>"; };
		A56DB603259FB47B0098CAAB /* Preview Assets.xcassets */ = {isa = PBXFileReference; lastKnownFileType = folder.assetcatalog; path = "Preview Assets.xcassets"; sourceTree = "<group>"; };
		A56DB605259FB47B0098CAAB /* Info.plist */ = {isa = PBXFileReference; lastKnownFileType = text.plist.xml; path = Info.plist; sourceTree = "<group>"; };
		A56DB61325A071460098CAAB /* SimpleCircleButton.swift */ = {isa = PBXFileReference; lastKnownFileType = sourcecode.swift; path = SimpleCircleButton.swift; sourceTree = "<group>"; };
		A56DB62125A113900098CAAB /* CircleButton.swift */ = {isa = PBXFileReference; lastKnownFileType = sourcecode.swift; path = CircleButton.swift; sourceTree = "<group>"; };
		A56DB62525A115280098CAAB /* RadioButtons.swift */ = {isa = PBXFileReference; lastKnownFileType = sourcecode.swift; path = RadioButtons.swift; sourceTree = "<group>"; };
		A58843C025A51254002DE43A /* ResultView.swift */ = {isa = PBXFileReference; lastKnownFileType = sourcecode.swift; path = ResultView.swift; sourceTree = "<group>"; };
		A58843C725A717B3002DE43A /* CircleProgressBar.swift */ = {isa = PBXFileReference; lastKnownFileType = sourcecode.swift; path = CircleProgressBar.swift; sourceTree = "<group>"; };
		A58843CC25A7C0AB002DE43A /* ButtonStyle.swift */ = {isa = PBXFileReference; lastKnownFileType = sourcecode.swift; path = ButtonStyle.swift; sourceTree = "<group>"; };
		A58843CF25A89408002DE43A /* Color + Extension.swift */ = {isa = PBXFileReference; lastKnownFileType = sourcecode.swift; path = "Color + Extension.swift"; sourceTree = "<group>"; };
		A58843D225A8E253002DE43A /* WelcomeView.swift */ = {isa = PBXFileReference; lastKnownFileType = sourcecode.swift; path = WelcomeView.swift; sourceTree = "<group>"; };
		A5899DF025DF76EE000A3FC8 /* PDFCreator.swift */ = {isa = PBXFileReference; fileEncoding = 4; lastKnownFileType = sourcecode.swift; path = PDFCreator.swift; sourceTree = "<group>"; };
		A5899DF325DFD397000A3FC8 /* PDFViewUI.swift */ = {isa = PBXFileReference; lastKnownFileType = sourcecode.swift; path = PDFViewUI.swift; sourceTree = "<group>"; };
		A5918F5B25C0857B00A8C608 /* ActivityViewController.swift */ = {isa = PBXFileReference; lastKnownFileType = sourcecode.swift; path = ActivityViewController.swift; sourceTree = "<group>"; };
		A59985F625C33232006323EA /* SplashScreen.swift */ = {isa = PBXFileReference; lastKnownFileType = sourcecode.swift; path = SplashScreen.swift; sourceTree = "<group>"; };
		A59A2F3B25E6337200E0C220 /* ValuesPassingTest.swift */ = {isa = PBXFileReference; lastKnownFileType = sourcecode.swift; path = ValuesPassingTest.swift; sourceTree = "<group>"; };
		A5A9EE4F25A24DAB00816A4A /* DataManager.swift */ = {isa = PBXFileReference; fileEncoding = 4; lastKnownFileType = sourcecode.swift; path = DataManager.swift; sourceTree = "<group>"; };
		A5A9EE5225A24E5D00816A4A /* CharacteristicBlock.swift */ = {isa = PBXFileReference; fileEncoding = 4; lastKnownFileType = sourcecode.swift; path = CharacteristicBlock.swift; sourceTree = "<group>"; };
		A5A9EE5325A24E5D00816A4A /* Answer.swift */ = {isa = PBXFileReference; fileEncoding = 4; lastKnownFileType = sourcecode.swift; path = Answer.swift; sourceTree = "<group>"; };
		A5A9EE5425A24E5E00816A4A /* Question.swift */ = {isa = PBXFileReference; fileEncoding = 4; lastKnownFileType = sourcecode.swift; path = Question.swift; sourceTree = "<group>"; };
		A5A9EE5525A24E5E00816A4A /* Result.swift */ = {isa = PBXFileReference; fileEncoding = 4; lastKnownFileType = sourcecode.swift; path = Result.swift; sourceTree = "<group>"; };
		A5A9EE5625A24E5E00816A4A /* Result + Extension.swift */ = {isa = PBXFileReference; fileEncoding = 4; lastKnownFileType = sourcecode.swift; path = "Result + Extension.swift"; sourceTree = "<group>"; };
		A5A9EE5D25A257FF00816A4A /* CharacteristicsRadioButtonGroup.swift */ = {isa = PBXFileReference; lastKnownFileType = sourcecode.swift; path = CharacteristicsRadioButtonGroup.swift; sourceTree = "<group>"; };
/* End PBXFileReference section */

/* Begin PBXFrameworksBuildPhase section */
		A56DB5F6259FB4780098CAAB /* Frameworks */ = {
			isa = PBXFrameworksBuildPhase;
			buildActionMask = 2147483647;
			files = (
			);
			runOnlyForDeploymentPostprocessing = 0;
		};
/* End PBXFrameworksBuildPhase section */

/* Begin PBXGroup section */
		A55F62F225BF5B0700E12A2C /* Custom elements */ = {
			isa = PBXGroup;
			children = (
				A58843CC25A7C0AB002DE43A /* ButtonStyle.swift */,
				A504FF9B25C580C80080F073 /* Extension + View.swift */,
				A51AAF5B25AF93C100452EF5 /* CustomBackgroung.swift */,
				A58843C725A717B3002DE43A /* CircleProgressBar.swift */,
				A58843CF25A89408002DE43A /* Color + Extension.swift */,
				A55F62EF25BF562800E12A2C /* Blur.swift */,
			);
			path = "Custom elements";
			sourceTree = "<group>";
		};
		A56DB5F0259FB4780098CAAB = {
			isa = PBXGroup;
			children = (
				A56DB5FB259FB4780098CAAB /* PAEI */,
				A56DB5FA259FB4780098CAAB /* Products */,
			);
			sourceTree = "<group>";
		};
		A56DB5FA259FB4780098CAAB /* Products */ = {
			isa = PBXGroup;
			children = (
				A56DB5F9259FB4780098CAAB /* PAEI.app */,
			);
			name = Products;
			sourceTree = "<group>";
		};
		A56DB5FB259FB4780098CAAB /* PAEI */ = {
			isa = PBXGroup;
			children = (
				A5899DEF25DF76CE000A3FC8 /* remove */,
				A54F3D0825CA5BED0022E603 /* Launch Screen.storyboard */,
				A5899DF025DF76EE000A3FC8 /* PDFCreator.swift */,
				A5552F1725E2FF590014826F /* UIImage + Extension.swift */,
				A5899DF325DFD397000A3FC8 /* PDFViewUI.swift */,
				A55F62F225BF5B0700E12A2C /* Custom elements */,
				A56DB60F259FB5660098CAAB /* Supporting File */,
				A56DB5FC259FB4780098CAAB /* PAEIApp.swift */,
				A56DB60E259FB53B0098CAAB /* Managers */,
				A56DB60D259FB5290098CAAB /* Content Views */,
				A56DB60C259FB5190098CAAB /* Model */,
				A56DB602259FB47B0098CAAB /* Preview Content */,
			);
			path = PAEI;
			sourceTree = "<group>";
		};
		A56DB602259FB47B0098CAAB /* Preview Content */ = {
			isa = PBXGroup;
			children = (
				A56DB603259FB47B0098CAAB /* Preview Assets.xcassets */,
			);
			path = "Preview Content";
			sourceTree = "<group>";
		};
		A56DB60C259FB5190098CAAB /* Model */ = {
			isa = PBXGroup;
			children = (
				A5A9EE5325A24E5D00816A4A /* Answer.swift */,
				A51C94EF25BC7BA3009D7DB4 /* Сondition.swift */,
				A5A9EE5225A24E5D00816A4A /* CharacteristicBlock.swift */,
				A5A9EE5425A24E5E00816A4A /* Question.swift */,
				A5A9EE5525A24E5E00816A4A /* Result.swift */,
				A5A9EE5625A24E5E00816A4A /* Result + Extension.swift */,
				A540DE1725B36E1800BBBE50 /* DetailedResult.swift */,
				A540DE1425B36DE900BBBE50 /* DetailedResult + Extension.swift */,
				A59A2F3B25E6337200E0C220 /* ValuesPassingTest.swift */,
			);
			path = Model;
			sourceTree = "<group>";
		};
		A56DB60D259FB5290098CAAB /* Content Views */ = {
			isa = PBXGroup;
			children = (
				A56DB5FE259FB4780098CAAB /* ContentView.swift */,
				A59985F625C33232006323EA /* SplashScreen.swift */,
				A58843D225A8E253002DE43A /* WelcomeView.swift */,
				A530E15525BAF5CE0008F91C /* InstructionsView.swift */,
				A52AF72C25A4E2A900D46757 /* PassingTest.swift */,
				A58843C025A51254002DE43A /* ResultView.swift */,
				A56DB62525A115280098CAAB /* RadioButtons.swift */,
				A5A9EE5D25A257FF00816A4A /* CharacteristicsRadioButtonGroup.swift */,
				A5918F5B25C0857B00A8C608 /* ActivityViewController.swift */,
			);
			path = "Content Views";
			sourceTree = "<group>";
		};
		A56DB60E259FB53B0098CAAB /* Managers */ = {
			isa = PBXGroup;
			children = (
				A5A9EE4F25A24DAB00816A4A /* DataManager.swift */,
				A522021D25A8EA8B00EC0582 /* ScreenManager.swift */,
				A51C94F225BC7E74009D7DB4 /* СonditionManager.swift */,
			);
			path = Managers;
			sourceTree = "<group>";
		};
		A56DB60F259FB5660098CAAB /* Supporting File */ = {
			isa = PBXGroup;
			children = (
				A56DB605259FB47B0098CAAB /* Info.plist */,
				A56DB600259FB47B0098CAAB /* Assets.xcassets */,
			);
			path = "Supporting File";
			sourceTree = "<group>";
		};
		A5899DEF25DF76CE000A3FC8 /* remove */ = {
			isa = PBXGroup;
			children = (
				A56DB61325A071460098CAAB /* SimpleCircleButton.swift */,
				A540DE1D25B38A8C00BBBE50 /* CircleGraphView.swift */,
				A56DB62125A113900098CAAB /* CircleButton.swift */,
				A530E15025BAF0980008F91C /* WelcomePageView.swift */,
			);
			path = remove;
			sourceTree = "<group>";
		};
/* End PBXGroup section */

/* Begin PBXNativeTarget section */
		A56DB5F8259FB4780098CAAB /* PAEI */ = {
			isa = PBXNativeTarget;
			buildConfigurationList = A56DB608259FB47B0098CAAB /* Build configuration list for PBXNativeTarget "PAEI" */;
			buildPhases = (
				A56DB5F5259FB4780098CAAB /* Sources */,
				A56DB5F6259FB4780098CAAB /* Frameworks */,
				A56DB5F7259FB4780098CAAB /* Resources */,
			);
			buildRules = (
			);
			dependencies = (
			);
			name = PAEI;
			productName = PAEI;
			productReference = A56DB5F9259FB4780098CAAB /* PAEI.app */;
			productType = "com.apple.product-type.application";
		};
/* End PBXNativeTarget section */

/* Begin PBXProject section */
		A56DB5F1259FB4780098CAAB /* Project object */ = {
			isa = PBXProject;
			attributes = {
				LastSwiftUpdateCheck = 1220;
				LastUpgradeCheck = 1220;
				TargetAttributes = {
					A56DB5F8259FB4780098CAAB = {
						CreatedOnToolsVersion = 12.2;
					};
				};
			};
			buildConfigurationList = A56DB5F4259FB4780098CAAB /* Build configuration list for PBXProject "PAEI" */;
			compatibilityVersion = "Xcode 9.3";
			developmentRegion = en;
			hasScannedForEncodings = 0;
			knownRegions = (
				en,
				Base,
			);
			mainGroup = A56DB5F0259FB4780098CAAB;
			productRefGroup = A56DB5FA259FB4780098CAAB /* Products */;
			projectDirPath = "";
			projectRoot = "";
			targets = (
				A56DB5F8259FB4780098CAAB /* PAEI */,
			);
		};
/* End PBXProject section */

/* Begin PBXResourcesBuildPhase section */
		A56DB5F7259FB4780098CAAB /* Resources */ = {
			isa = PBXResourcesBuildPhase;
			buildActionMask = 2147483647;
			files = (
				A54F3D0925CA5BED0022E603 /* Launch Screen.storyboard in Resources */,
				A56DB604259FB47B0098CAAB /* Preview Assets.xcassets in Resources */,
				A56DB601259FB47B0098CAAB /* Assets.xcassets in Resources */,
			);
			runOnlyForDeploymentPostprocessing = 0;
		};
/* End PBXResourcesBuildPhase section */

/* Begin PBXSourcesBuildPhase section */
		A56DB5F5259FB4780098CAAB /* Sources */ = {
			isa = PBXSourcesBuildPhase;
			buildActionMask = 2147483647;
			files = (
				A59985F725C33232006323EA /* SplashScreen.swift in Sources */,
				A5899DF425DFD397000A3FC8 /* PDFViewUI.swift in Sources */,
				A51C94F025BC7BA3009D7DB4 /* Сondition.swift in Sources */,
				A58843D025A89409002DE43A /* Color + Extension.swift in Sources */,
				A504FF9C25C580C80080F073 /* Extension + View.swift in Sources */,
				A56DB61425A071460098CAAB /* SimpleCircleButton.swift in Sources */,
				A51AAF5C25AF93C100452EF5 /* CustomBackgroung.swift in Sources */,
				A5918F5C25C0857B00A8C608 /* ActivityViewController.swift in Sources */,
				A5A9EE5025A24DAB00816A4A /* DataManager.swift in Sources */,
				A58843C825A717B3002DE43A /* CircleProgressBar.swift in Sources */,
				A56DB5FF259FB4780098CAAB /* ContentView.swift in Sources */,
				A5A9EE5925A24E5E00816A4A /* Question.swift in Sources */,
				A56DB5FD259FB4780098CAAB /* PAEIApp.swift in Sources */,
				A58843C125A51254002DE43A /* ResultView.swift in Sources */,
				A56DB62625A115280098CAAB /* RadioButtons.swift in Sources */,
				A5552F1825E2FF590014826F /* UIImage + Extension.swift in Sources */,
				A5A9EE5A25A24E5E00816A4A /* Result.swift in Sources */,
				A58843CD25A7C0AB002DE43A /* ButtonStyle.swift in Sources */,
				A540DE1E25B38A8C00BBBE50 /* CircleGraphView.swift in Sources */,
				A5A9EE5E25A257FF00816A4A /* CharacteristicsRadioButtonGroup.swift in Sources */,
				A5A9EE5725A24E5E00816A4A /* CharacteristicBlock.swift in Sources */,
				A58843D325A8E253002DE43A /* WelcomeView.swift in Sources */,
				A540DE1525B36DE900BBBE50 /* DetailedResult + Extension.swift in Sources */,
				A5899DF125DF76EE000A3FC8 /* PDFCreator.swift in Sources */,
				A55F62F025BF562800E12A2C /* Blur.swift in Sources */,
				A51C94F325BC7E74009D7DB4 /* СonditionManager.swift in Sources */,
				A540DE1825B36E1800BBBE50 /* DetailedResult.swift in Sources */,
				A5A9EE5B25A24E5E00816A4A /* Result + Extension.swift in Sources */,
				A56DB62225A113900098CAAB /* CircleButton.swift in Sources */,
				A530E15125BAF0980008F91C /* WelcomePageView.swift in Sources */,
				A59A2F3C25E6337200E0C220 /* ValuesPassingTest.swift in Sources */,
				A530E15625BAF5CE0008F91C /* InstructionsView.swift in Sources */,
				A52AF72D25A4E2A900D46757 /* PassingTest.swift in Sources */,
				A5A9EE5825A24E5E00816A4A /* Answer.swift in Sources */,
				A522021E25A8EA8B00EC0582 /* ScreenManager.swift in Sources */,
			);
			runOnlyForDeploymentPostprocessing = 0;
		};
/* End PBXSourcesBuildPhase section */

/* Begin XCBuildConfiguration section */
		A56DB606259FB47B0098CAAB /* Debug */ = {
			isa = XCBuildConfiguration;
			buildSettings = {
				ALWAYS_SEARCH_USER_PATHS = NO;
				CLANG_ANALYZER_NONNULL = YES;
				CLANG_ANALYZER_NUMBER_OBJECT_CONVERSION = YES_AGGRESSIVE;
				CLANG_CXX_LANGUAGE_STANDARD = "gnu++14";
				CLANG_CXX_LIBRARY = "libc++";
				CLANG_ENABLE_MODULES = YES;
				CLANG_ENABLE_OBJC_ARC = YES;
				CLANG_ENABLE_OBJC_WEAK = YES;
				CLANG_WARN_BLOCK_CAPTURE_AUTORELEASING = YES;
				CLANG_WARN_BOOL_CONVERSION = YES;
				CLANG_WARN_COMMA = YES;
				CLANG_WARN_CONSTANT_CONVERSION = YES;
				CLANG_WARN_DEPRECATED_OBJC_IMPLEMENTATIONS = YES;
				CLANG_WARN_DIRECT_OBJC_ISA_USAGE = YES_ERROR;
				CLANG_WARN_DOCUMENTATION_COMMENTS = YES;
				CLANG_WARN_EMPTY_BODY = YES;
				CLANG_WARN_ENUM_CONVERSION = YES;
				CLANG_WARN_INFINITE_RECURSION = YES;
				CLANG_WARN_INT_CONVERSION = YES;
				CLANG_WARN_NON_LITERAL_NULL_CONVERSION = YES;
				CLANG_WARN_OBJC_IMPLICIT_RETAIN_SELF = YES;
				CLANG_WARN_OBJC_LITERAL_CONVERSION = YES;
				CLANG_WARN_OBJC_ROOT_CLASS = YES_ERROR;
				CLANG_WARN_QUOTED_INCLUDE_IN_FRAMEWORK_HEADER = YES;
				CLANG_WARN_RANGE_LOOP_ANALYSIS = YES;
				CLANG_WARN_STRICT_PROTOTYPES = YES;
				CLANG_WARN_SUSPICIOUS_MOVE = YES;
				CLANG_WARN_UNGUARDED_AVAILABILITY = YES_AGGRESSIVE;
				CLANG_WARN_UNREACHABLE_CODE = YES;
				CLANG_WARN__DUPLICATE_METHOD_MATCH = YES;
				COPY_PHASE_STRIP = NO;
				DEBUG_INFORMATION_FORMAT = dwarf;
				ENABLE_STRICT_OBJC_MSGSEND = YES;
				ENABLE_TESTABILITY = YES;
				GCC_C_LANGUAGE_STANDARD = gnu11;
				GCC_DYNAMIC_NO_PIC = NO;
				GCC_NO_COMMON_BLOCKS = YES;
				GCC_OPTIMIZATION_LEVEL = 0;
				GCC_PREPROCESSOR_DEFINITIONS = (
					"DEBUG=1",
					"$(inherited)",
				);
				GCC_WARN_64_TO_32_BIT_CONVERSION = YES;
				GCC_WARN_ABOUT_RETURN_TYPE = YES_ERROR;
				GCC_WARN_UNDECLARED_SELECTOR = YES;
				GCC_WARN_UNINITIALIZED_AUTOS = YES_AGGRESSIVE;
				GCC_WARN_UNUSED_FUNCTION = YES;
				GCC_WARN_UNUSED_VARIABLE = YES;
				IPHONEOS_DEPLOYMENT_TARGET = 14.2;
				MTL_ENABLE_DEBUG_INFO = INCLUDE_SOURCE;
				MTL_FAST_MATH = YES;
				ONLY_ACTIVE_ARCH = YES;
				SDKROOT = iphoneos;
				SWIFT_ACTIVE_COMPILATION_CONDITIONS = DEBUG;
				SWIFT_OPTIMIZATION_LEVEL = "-Onone";
			};
			name = Debug;
		};
		A56DB607259FB47B0098CAAB /* Release */ = {
			isa = XCBuildConfiguration;
			buildSettings = {
				ALWAYS_SEARCH_USER_PATHS = NO;
				CLANG_ANALYZER_NONNULL = YES;
				CLANG_ANALYZER_NUMBER_OBJECT_CONVERSION = YES_AGGRESSIVE;
				CLANG_CXX_LANGUAGE_STANDARD = "gnu++14";
				CLANG_CXX_LIBRARY = "libc++";
				CLANG_ENABLE_MODULES = YES;
				CLANG_ENABLE_OBJC_ARC = YES;
				CLANG_ENABLE_OBJC_WEAK = YES;
				CLANG_WARN_BLOCK_CAPTURE_AUTORELEASING = YES;
				CLANG_WARN_BOOL_CONVERSION = YES;
				CLANG_WARN_COMMA = YES;
				CLANG_WARN_CONSTANT_CONVERSION = YES;
				CLANG_WARN_DEPRECATED_OBJC_IMPLEMENTATIONS = YES;
				CLANG_WARN_DIRECT_OBJC_ISA_USAGE = YES_ERROR;
				CLANG_WARN_DOCUMENTATION_COMMENTS = YES;
				CLANG_WARN_EMPTY_BODY = YES;
				CLANG_WARN_ENUM_CONVERSION = YES;
				CLANG_WARN_INFINITE_RECURSION = YES;
				CLANG_WARN_INT_CONVERSION = YES;
				CLANG_WARN_NON_LITERAL_NULL_CONVERSION = YES;
				CLANG_WARN_OBJC_IMPLICIT_RETAIN_SELF = YES;
				CLANG_WARN_OBJC_LITERAL_CONVERSION = YES;
				CLANG_WARN_OBJC_ROOT_CLASS = YES_ERROR;
				CLANG_WARN_QUOTED_INCLUDE_IN_FRAMEWORK_HEADER = YES;
				CLANG_WARN_RANGE_LOOP_ANALYSIS = YES;
				CLANG_WARN_STRICT_PROTOTYPES = YES;
				CLANG_WARN_SUSPICIOUS_MOVE = YES;
				CLANG_WARN_UNGUARDED_AVAILABILITY = YES_AGGRESSIVE;
				CLANG_WARN_UNREACHABLE_CODE = YES;
				CLANG_WARN__DUPLICATE_METHOD_MATCH = YES;
				COPY_PHASE_STRIP = NO;
				DEBUG_INFORMATION_FORMAT = "dwarf-with-dsym";
				ENABLE_NS_ASSERTIONS = NO;
				ENABLE_STRICT_OBJC_MSGSEND = YES;
				GCC_C_LANGUAGE_STANDARD = gnu11;
				GCC_NO_COMMON_BLOCKS = YES;
				GCC_WARN_64_TO_32_BIT_CONVERSION = YES;
				GCC_WARN_ABOUT_RETURN_TYPE = YES_ERROR;
				GCC_WARN_UNDECLARED_SELECTOR = YES;
				GCC_WARN_UNINITIALIZED_AUTOS = YES_AGGRESSIVE;
				GCC_WARN_UNUSED_FUNCTION = YES;
				GCC_WARN_UNUSED_VARIABLE = YES;
				IPHONEOS_DEPLOYMENT_TARGET = 14.2;
				MTL_ENABLE_DEBUG_INFO = NO;
				MTL_FAST_MATH = YES;
				SDKROOT = iphoneos;
				SWIFT_COMPILATION_MODE = wholemodule;
				SWIFT_OPTIMIZATION_LEVEL = "-O";
				VALIDATE_PRODUCT = YES;
			};
			name = Release;
		};
		A56DB609259FB47B0098CAAB /* Debug */ = {
			isa = XCBuildConfiguration;
			buildSettings = {
				ASSETCATALOG_COMPILER_APPICON_NAME = AppIcon;
				ASSETCATALOG_COMPILER_GLOBAL_ACCENT_COLOR_NAME = AccentColor;
				CODE_SIGN_STYLE = Automatic;
				CURRENT_PROJECT_VERSION = 8;
				DEVELOPMENT_ASSET_PATHS = "\"PAEI/Preview Content\"";
				DEVELOPMENT_TEAM = RNER64Q73Y;
				ENABLE_PREVIEWS = YES;
				INFOPLIST_FILE = "PAEI/Supporting File/Info.plist";
				IPHONEOS_DEPLOYMENT_TARGET = 14.0;
				LD_RUNPATH_SEARCH_PATHS = (
					"$(inherited)",
					"@executable_path/Frameworks",
				);
				MARKETING_VERSION = 0.1.0;
				PRODUCT_BUNDLE_IDENTIFIER = ru.SergeyDolgikh.PAEI;
				PRODUCT_NAME = "$(TARGET_NAME)";
				SWIFT_VERSION = 5.0;
				TARGETED_DEVICE_FAMILY = 1;
			};
			name = Debug;
		};
		A56DB60A259FB47B0098CAAB /* Release */ = {
			isa = XCBuildConfiguration;
			buildSettings = {
				ASSETCATALOG_COMPILER_APPICON_NAME = AppIcon;
				ASSETCATALOG_COMPILER_GLOBAL_ACCENT_COLOR_NAME = AccentColor;
				CODE_SIGN_IDENTITY = "Apple Development";
				CODE_SIGN_STYLE = Automatic;
				CURRENT_PROJECT_VERSION = 8;
				DEVELOPMENT_ASSET_PATHS = "\"PAEI/Preview Content\"";
				DEVELOPMENT_TEAM = RNER64Q73Y;
				ENABLE_PREVIEWS = YES;
				INFOPLIST_FILE = "PAEI/Supporting File/Info.plist";
				IPHONEOS_DEPLOYMENT_TARGET = 14.0;
				LD_RUNPATH_SEARCH_PATHS = (
					"$(inherited)",
					"@executable_path/Frameworks",
				);
				MARKETING_VERSION = 0.1.0;
				PRODUCT_BUNDLE_IDENTIFIER = ru.SergeyDolgikh.PAEI;
				PRODUCT_NAME = "$(TARGET_NAME)";
				PROVISIONING_PROFILE_SPECIFIER = "";
				SWIFT_VERSION = 5.0;
				TARGETED_DEVICE_FAMILY = 1;
			};
			name = Release;
		};
/* End XCBuildConfiguration section */

/* Begin XCConfigurationList section */
		A56DB5F4259FB4780098CAAB /* Build configuration list for PBXProject "PAEI" */ = {
			isa = XCConfigurationList;
			buildConfigurations = (
				A56DB606259FB47B0098CAAB /* Debug */,
				A56DB607259FB47B0098CAAB /* Release */,
			);
			defaultConfigurationIsVisible = 0;
			defaultConfigurationName = Release;
		};
		A56DB608259FB47B0098CAAB /* Build configuration list for PBXNativeTarget "PAEI" */ = {
			isa = XCConfigurationList;
			buildConfigurations = (
				A56DB609259FB47B0098CAAB /* Debug */,
				A56DB60A259FB47B0098CAAB /* Release */,
			);
			defaultConfigurationIsVisible = 0;
			defaultConfigurationName = Release;
		};
/* End XCConfigurationList section */
	};
	rootObject = A56DB5F1259FB4780098CAAB /* Project object */;
}
